
Microsoft Visual Studio Solution File, Format Version 12.00
# Visual Studio Version 16
VisualStudioVersion = 16.0.29424.173
MinimumVisualStudioVersion = 10.0.40219.1
Project("{9A19103F-16F7-4668-BE54-9A1E7A4F7556}") = "CursoMVC", "CursoMVC\CursoMVC.csproj", "{EA53118B-E63A-4B53-993D-FD3F8384181D}"
EndProject
Project("{9A19103F-16F7-4668-BE54-9A1E7A4F7556}") = "CursoAPI", "CursoAPI\CursoAPI.csproj", "{BBB26625-DF33-4FCB-B5AB-6AAA65F33AF2}"
EndProject
Project("{9A19103F-16F7-4668-BE54-9A1E7A4F7556}") = "CursoTest", "CursoTest\CursoTest.csproj", "{B1ED91E0-F1CB-4EED-8EBA-2FC099654507}"
EndProject
Global
	GlobalSection(SolutionConfigurationPlatforms) = preSolution
		Debug|Any CPU = Debug|Any CPU
		Release|Any CPU = Release|Any CPU
	EndGlobalSection
	GlobalSection(ProjectConfigurationPlatforms) = postSolution
		{EA53118B-E63A-4B53-993D-FD3F8384181D}.Debug|Any CPU.ActiveCfg = Debug|Any CPU
		{EA53118B-E63A-4B53-993D-FD3F8384181D}.Debug|Any CPU.Build.0 = Debug|Any CPU
		{EA53118B-E63A-4B53-993D-FD3F8384181D}.Release|Any CPU.ActiveCfg = Release|Any CPU
		{EA53118B-E63A-4B53-993D-FD3F8384181D}.Release|Any CPU.Build.0 = Release|Any CPU
		{BBB26625-DF33-4FCB-B5AB-6AAA65F33AF2}.Debug|Any CPU.ActiveCfg = Debug|Any CPU
		{BBB26625-DF33-4FCB-B5AB-6AAA65F33AF2}.Debug|Any CPU.Build.0 = Debug|Any CPU
		{BBB26625-DF33-4FCB-B5AB-6AAA65F33AF2}.Release|Any CPU.ActiveCfg = Release|Any CPU
		{BBB26625-DF33-4FCB-B5AB-6AAA65F33AF2}.Release|Any CPU.Build.0 = Release|Any CPU
		{B1ED91E0-F1CB-4EED-8EBA-2FC099654507}.Debug|Any CPU.ActiveCfg = Debug|Any CPU
		{B1ED91E0-F1CB-4EED-8EBA-2FC099654507}.Debug|Any CPU.Build.0 = Debug|Any CPU
		{B1ED91E0-F1CB-4EED-8EBA-2FC099654507}.Release|Any CPU.ActiveCfg = Release|Any CPU
		{B1ED91E0-F1CB-4EED-8EBA-2FC099654507}.Release|Any CPU.Build.0 = Release|Any CPU
	EndGlobalSection
	GlobalSection(SolutionProperties) = preSolution
		HideSolutionNode = FALSE
	EndGlobalSection
	GlobalSection(ExtensibilityGlobals) = postSolution
		SolutionGuid = {BE3F1856-EC08-48F4-8C63-E197855BCAA0}
	EndGlobalSection
EndGlobal
